// !$*UTF8*$!
{
	archiveVersion = 1;
	classes = {
	};
	objectVersion = 55;
	objects = {

/* Begin PBXBuildFile section */
		3F29ADA727FB9E2B002D5A2F /* FriendsApp.swift in Sources */ = {isa = PBXBuildFile; fileRef = 3F29ADA627FB9E2B002D5A2F /* FriendsApp.swift */; };
		3F29ADA927FB9E2B002D5A2F /* ContentView.swift in Sources */ = {isa = PBXBuildFile; fileRef = 3F29ADA827FB9E2B002D5A2F /* ContentView.swift */; };
		3F29ADAB27FB9E2E002D5A2F /* Assets.xcassets in Resources */ = {isa = PBXBuildFile; fileRef = 3F29ADAA27FB9E2E002D5A2F /* Assets.xcassets */; };
		3F29ADAE27FB9E2E002D5A2F /* Preview Assets.xcassets in Resources */ = {isa = PBXBuildFile; fileRef = 3F29ADAD27FB9E2E002D5A2F /* Preview Assets.xcassets */; };
		3F29ADB527FB9FF2002D5A2F /* User.swift in Sources */ = {isa = PBXBuildFile; fileRef = 3F29ADB427FB9FF2002D5A2F /* User.swift */; };
		3F29ADBB27FBA28C002D5A2F /* UserCollectionFetcher.swift in Sources */ = {isa = PBXBuildFile; fileRef = 3F29ADBA27FBA28C002D5A2F /* UserCollectionFetcher.swift */; };
		3F29ADBF27FBA8B4002D5A2F /* CardView.swift in Sources */ = {isa = PBXBuildFile; fileRef = 3F29ADBE27FBA8B4002D5A2F /* CardView.swift */; };
		3F29ADC127FBB021002D5A2F /* TrailingIconLabelStyle.swift in Sources */ = {isa = PBXBuildFile; fileRef = 3F29ADC027FBB021002D5A2F /* TrailingIconLabelStyle.swift */; };
		3F29ADC327FBB20E002D5A2F /* DetailView.swift in Sources */ = {isa = PBXBuildFile; fileRef = 3F29ADC227FBB20E002D5A2F /* DetailView.swift */; };
		3F29ADC727FBF180002D5A2F /* Friend.swift in Sources */ = {isa = PBXBuildFile; fileRef = 3F29ADC627FBF180002D5A2F /* Friend.swift */; };
		3F29ADC927FC30AF002D5A2F /* HorizontalDivider.swift in Sources */ = {isa = PBXBuildFile; fileRef = 3F29ADC827FC30AF002D5A2F /* HorizontalDivider.swift */; };
		3F29ADCB27FC3154002D5A2F /* ColorThemeStyle.swift in Sources */ = {isa = PBXBuildFile; fileRef = 3F29ADCA27FC3154002D5A2F /* ColorThemeStyle.swift */; };
		3F29ADCD27FC368F002D5A2F /* ProfileImageView.swift in Sources */ = {isa = PBXBuildFile; fileRef = 3F29ADCC27FC368F002D5A2F /* ProfileImageView.swift */; };
		3F29ADCF27FC3F30002D5A2F /* DetailViewModifiers.swift in Sources */ = {isa = PBXBuildFile; fileRef = 3F29ADCE27FC3F30002D5A2F /* DetailViewModifiers.swift */; };
/* End PBXBuildFile section */

/* Begin PBXFileReference section */
		3F29ADA327FB9E2B002D5A2F /* Friends.app */ = {isa = PBXFileReference; explicitFileType = wrapper.application; includeInIndex = 0; path = Friends.app; sourceTree = BUILT_PRODUCTS_DIR; };
		3F29ADA627FB9E2B002D5A2F /* FriendsApp.swift */ = {isa = PBXFileReference; lastKnownFileType = sourcecode.swift; path = FriendsApp.swift; sourceTree = "<group>"; };
		3F29ADA827FB9E2B002D5A2F /* ContentView.swift */ = {isa = PBXFileReference; lastKnownFileType = sourcecode.swift; path = ContentView.swift; sourceTree = "<group>"; };
		3F29ADAA27FB9E2E002D5A2F /* Assets.xcassets */ = {isa = PBXFileReference; lastKnownFileType = folder.assetcatalog; path = Assets.xcassets; sourceTree = "<group>"; };
		3F29ADAD27FB9E2E002D5A2F /* Preview Assets.xcassets */ = {isa = PBXFileReference; lastKnownFileType = folder.assetcatalog; path = "Preview Assets.xcassets"; sourceTree = "<group>"; };
		3F29ADB427FB9FF2002D5A2F /* User.swift */ = {isa = PBXFileReference; lastKnownFileType = sourcecode.swift; path = User.swift; sourceTree = "<group>"; };
		3F29ADBA27FBA28C002D5A2F /* UserCollectionFetcher.swift */ = {isa = PBXFileReference; lastKnownFileType = sourcecode.swift; path = UserCollectionFetcher.swift; sourceTree = "<group>"; };
		3F29ADBE27FBA8B4002D5A2F /* CardView.swift */ = {isa = PBXFileReference; lastKnownFileType = sourcecode.swift; path = CardView.swift; sourceTree = "<group>"; };
		3F29ADC027FBB021002D5A2F /* TrailingIconLabelStyle.swift */ = {isa = PBXFileReference; lastKnownFileType = sourcecode.swift; path = TrailingIconLabelStyle.swift; sourceTree = "<group>"; };
		3F29ADC227FBB20E002D5A2F /* DetailView.swift */ = {isa = PBXFileReference; lastKnownFileType = sourcecode.swift; path = DetailView.swift; sourceTree = "<group>"; };
		3F29ADC627FBF180002D5A2F /* Friend.swift */ = {isa = PBXFileReference; lastKnownFileType = sourcecode.swift; path = Friend.swift; sourceTree = "<group>"; };
		3F29ADC827FC30AF002D5A2F /* HorizontalDivider.swift */ = {isa = PBXFileReference; lastKnownFileType = sourcecode.swift; path = HorizontalDivider.swift; sourceTree = "<group>"; };
		3F29ADCA27FC3154002D5A2F /* ColorThemeStyle.swift */ = {isa = PBXFileReference; lastKnownFileType = sourcecode.swift; path = ColorThemeStyle.swift; sourceTree = "<group>"; };
		3F29ADCC27FC368F002D5A2F /* ProfileImageView.swift */ = {isa = PBXFileReference; lastKnownFileType = sourcecode.swift; path = ProfileImageView.swift; sourceTree = "<group>"; };
		3F29ADCE27FC3F30002D5A2F /* DetailViewModifiers.swift */ = {isa = PBXFileReference; lastKnownFileType = sourcecode.swift; path = DetailViewModifiers.swift; sourceTree = "<group>"; };
/* End PBXFileReference section */

/* Begin PBXFrameworksBuildPhase section */
		3F29ADA027FB9E2B002D5A2F /* Frameworks */ = {
			isa = PBXFrameworksBuildPhase;
			buildActionMask = 2147483647;
			files = (
			);
			runOnlyForDeploymentPostprocessing = 0;
		};
/* End PBXFrameworksBuildPhase section */

/* Begin PBXGroup section */
		3F29AD9A27FB9E2B002D5A2F = {
			isa = PBXGroup;
			children = (
				3F29ADA527FB9E2B002D5A2F /* Friends */,
				3F29ADA427FB9E2B002D5A2F /* Products */,
			);
			sourceTree = "<group>";
		};
		3F29ADA427FB9E2B002D5A2F /* Products */ = {
			isa = PBXGroup;
			children = (
				3F29ADA327FB9E2B002D5A2F /* Friends.app */,
			);
			name = Products;
			sourceTree = "<group>";
		};
		3F29ADA527FB9E2B002D5A2F /* Friends */ = {
			isa = PBXGroup;
			children = (
				3F29ADA627FB9E2B002D5A2F /* FriendsApp.swift */,
				3F29ADB827FBA001002D5A2F /* Model */,
				3F29ADB927FBA00D002D5A2F /* View */,
				3F29ADAA27FB9E2E002D5A2F /* Assets.xcassets */,
				3F29ADAC27FB9E2E002D5A2F /* Preview Content */,
			);
			path = Friends;
			sourceTree = "<group>";
		};
		3F29ADAC27FB9E2E002D5A2F /* Preview Content */ = {
			isa = PBXGroup;
			children = (
				3F29ADAD27FB9E2E002D5A2F /* Preview Assets.xcassets */,
			);
			path = "Preview Content";
			sourceTree = "<group>";
		};
		3F29ADB827FBA001002D5A2F /* Model */ = {
			isa = PBXGroup;
			children = (
				3F29ADB427FB9FF2002D5A2F /* User.swift */,
				3F29ADC627FBF180002D5A2F /* Friend.swift */,
				3F29ADBA27FBA28C002D5A2F /* UserCollectionFetcher.swift */,
			);
			path = Model;
			sourceTree = "<group>";
		};
		3F29ADB927FBA00D002D5A2F /* View */ = {
			isa = PBXGroup;
			children = (
				3F29ADA827FB9E2B002D5A2F /* ContentView.swift */,
				3F29ADC227FBB20E002D5A2F /* DetailView.swift */,
				3F29ADCE27FC3F30002D5A2F /* DetailViewModifiers.swift */,
				3F29ADC827FC30AF002D5A2F /* HorizontalDivider.swift */,
				3F29ADBE27FBA8B4002D5A2F /* CardView.swift */,
				3F29ADCC27FC368F002D5A2F /* ProfileImageView.swift */,
				3F29ADC027FBB021002D5A2F /* TrailingIconLabelStyle.swift */,
				3F29ADCA27FC3154002D5A2F /* ColorThemeStyle.swift */,
			);
			path = View;
			sourceTree = "<group>";
		};
/* End PBXGroup section */

/* Begin PBXNativeTarget section */
		3F29ADA227FB9E2B002D5A2F /* Friends */ = {
			isa = PBXNativeTarget;
			buildConfigurationList = 3F29ADB127FB9E2E002D5A2F /* Build configuration list for PBXNativeTarget "Friends" */;
			buildPhases = (
				3F29AD9F27FB9E2B002D5A2F /* Sources */,
				3F29ADA027FB9E2B002D5A2F /* Frameworks */,
				3F29ADA127FB9E2B002D5A2F /* Resources */,
			);
			buildRules = (
			);
			dependencies = (
			);
			name = Friends;
			productName = Friends;
			productReference = 3F29ADA327FB9E2B002D5A2F /* Friends.app */;
			productType = "com.apple.product-type.application";
		};
/* End PBXNativeTarget section */

/* Begin PBXProject section */
		3F29AD9B27FB9E2B002D5A2F /* Project object */ = {
			isa = PBXProject;
			attributes = {
				BuildIndependentTargetsInParallel = 1;
				LastSwiftUpdateCheck = 1330;
				LastUpgradeCheck = 1330;
				TargetAttributes = {
					3F29ADA227FB9E2B002D5A2F = {
						CreatedOnToolsVersion = 13.3;
					};
				};
			};
			buildConfigurationList = 3F29AD9E27FB9E2B002D5A2F /* Build configuration list for PBXProject "Friends" */;
			compatibilityVersion = "Xcode 13.0";
			developmentRegion = en;
			hasScannedForEncodings = 0;
			knownRegions = (
				en,
				Base,
			);
			mainGroup = 3F29AD9A27FB9E2B002D5A2F;
			productRefGroup = 3F29ADA427FB9E2B002D5A2F /* Products */;
			projectDirPath = "";
			projectRoot = "";
			targets = (
				3F29ADA227FB9E2B002D5A2F /* Friends */,
			);
		};
/* End PBXProject section */

/* Begin PBXResourcesBuildPhase section */
		3F29ADA127FB9E2B002D5A2F /* Resources */ = {
			isa = PBXResourcesBuildPhase;
			buildActionMask = 2147483647;
			files = (
				3F29ADAE27FB9E2E002D5A2F /* Preview Assets.xcassets in Resources */,
				3F29ADAB27FB9E2E002D5A2F /* Assets.xcassets in Resources */,
			);
			runOnlyForDeploymentPostprocessing = 0;
		};
/* End PBXResourcesBuildPhase section */

/* Begin PBXSourcesBuildPhase section */
		3F29AD9F27FB9E2B002D5A2F /* Sources */ = {
			isa = PBXSourcesBuildPhase;
			buildActionMask = 2147483647;
			files = (
				3F29ADA927FB9E2B002D5A2F /* ContentView.swift in Sources */,
				3F29ADC127FBB021002D5A2F /* TrailingIconLabelStyle.swift in Sources */,
				3F29ADA727FB9E2B002D5A2F /* FriendsApp.swift in Sources */,
				3F29ADC327FBB20E002D5A2F /* DetailView.swift in Sources */,
				3F29ADCF27FC3F30002D5A2F /* DetailViewModifiers.swift in Sources */,
				3F29ADB527FB9FF2002D5A2F /* User.swift in Sources */,
				3F29ADCD27FC368F002D5A2F /* ProfileImageView.swift in Sources */,
				3F29ADBB27FBA28C002D5A2F /* UserCollectionFetcher.swift in Sources */,
				3F29ADBF27FBA8B4002D5A2F /* CardView.swift in Sources */,
				3F29ADCB27FC3154002D5A2F /* ColorThemeStyle.swift in Sources */,
				3F29ADC727FBF180002D5A2F /* Friend.swift in Sources */,
				3F29ADC927FC30AF002D5A2F /* HorizontalDivider.swift in Sources */,
			);
			runOnlyForDeploymentPostprocessing = 0;
		};
/* End PBXSourcesBuildPhase section */

/* Begin XCBuildConfiguration section */
		3F29ADAF27FB9E2E002D5A2F /* Debug */ = {
			isa = XCBuildConfiguration;
			buildSettings = {
				ALWAYS_SEARCH_USER_PATHS = NO;
				CLANG_ANALYZER_NONNULL = YES;
				CLANG_ANALYZER_NUMBER_OBJECT_CONVERSION = YES_AGGRESSIVE;
				CLANG_CXX_LANGUAGE_STANDARD = "gnu++17";
				CLANG_ENABLE_MODULES = YES;
				CLANG_ENABLE_OBJC_ARC = YES;
				CLANG_ENABLE_OBJC_WEAK = YES;
				CLANG_WARN_BLOCK_CAPTURE_AUTORELEASING = YES;
				CLANG_WARN_BOOL_CONVERSION = YES;
				CLANG_WARN_COMMA = YES;
				CLANG_WARN_CONSTANT_CONVERSION = YES;
				CLANG_WARN_DEPRECATED_OBJC_IMPLEMENTATIONS = YES;
				CLANG_WARN_DIRECT_OBJC_ISA_USAGE = YES_ERROR;
				CLANG_WARN_DOCUMENTATION_COMMENTS = YES;
				CLANG_WARN_EMPTY_BODY = YES;
				CLANG_WARN_ENUM_CONVERSION = YES;
				CLANG_WARN_INFINITE_RECURSION = YES;
				CLANG_WARN_INT_CONVERSION = YES;
				CLANG_WARN_NON_LITERAL_NULL_CONVERSION = YES;
				CLANG_WARN_OBJC_IMPLICIT_RETAIN_SELF = YES;
				CLANG_WARN_OBJC_LITERAL_CONVERSION = YES;
				CLANG_WARN_OBJC_ROOT_CLASS = YES_ERROR;
				CLANG_WARN_QUOTED_INCLUDE_IN_FRAMEWORK_HEADER = YES;
				CLANG_WARN_RANGE_LOOP_ANALYSIS = YES;
				CLANG_WARN_STRICT_PROTOTYPES = YES;
				CLANG_WARN_SUSPICIOUS_MOVE = YES;
				CLANG_WARN_UNGUARDED_AVAILABILITY = YES_AGGRESSIVE;
				CLANG_WARN_UNREACHABLE_CODE = YES;
				CLANG_WARN__DUPLICATE_METHOD_MATCH = YES;
				COPY_PHASE_STRIP = NO;
				DEBUG_INFORMATION_FORMAT = dwarf;
				ENABLE_STRICT_OBJC_MSGSEND = YES;
				ENABLE_TESTABILITY = YES;
				GCC_C_LANGUAGE_STANDARD = gnu11;
				GCC_DYNAMIC_NO_PIC = NO;
				GCC_NO_COMMON_BLOCKS = YES;
				GCC_OPTIMIZATION_LEVEL = 0;
				GCC_PREPROCESSOR_DEFINITIONS = (
					"DEBUG=1",
					"$(inherited)",
				);
				GCC_WARN_64_TO_32_BIT_CONVERSION = YES;
				GCC_WARN_ABOUT_RETURN_TYPE = YES_ERROR;
				GCC_WARN_UNDECLARED_SELECTOR = YES;
				GCC_WARN_UNINITIALIZED_AUTOS = YES_AGGRESSIVE;
				GCC_WARN_UNUSED_FUNCTION = YES;
				GCC_WARN_UNUSED_VARIABLE = YES;
				IPHONEOS_DEPLOYMENT_TARGET = 15.4;
				MTL_ENABLE_DEBUG_INFO = INCLUDE_SOURCE;
				MTL_FAST_MATH = YES;
				ONLY_ACTIVE_ARCH = YES;
				SDKROOT = iphoneos;
				SWIFT_ACTIVE_COMPILATION_CONDITIONS = DEBUG;
				SWIFT_OPTIMIZATION_LEVEL = "-Onone";
			};
			name = Debug;
		};
		3F29ADB027FB9E2E002D5A2F /* Release */ = {
			isa = XCBuildConfiguration;
			buildSettings = {
				ALWAYS_SEARCH_USER_PATHS = NO;
				CLANG_ANALYZER_NONNULL = YES;
				CLANG_ANALYZER_NUMBER_OBJECT_CONVERSION = YES_AGGRESSIVE;
				CLANG_CXX_LANGUAGE_STANDARD = "gnu++17";
				CLANG_ENABLE_MODULES = YES;
				CLANG_ENABLE_OBJC_ARC = YES;
				CLANG_ENABLE_OBJC_WEAK = YES;
				CLANG_WARN_BLOCK_CAPTURE_AUTORELEASING = YES;
				CLANG_WARN_BOOL_CONVERSION = YES;
				CLANG_WARN_COMMA = YES;
				CLANG_WARN_CONSTANT_CONVERSION = YES;
				CLANG_WARN_DEPRECATED_OBJC_IMPLEMENTATIONS = YES;
				CLANG_WARN_DIRECT_OBJC_ISA_USAGE = YES_ERROR;
				CLANG_WARN_DOCUMENTATION_COMMENTS = YES;
				CLANG_WARN_EMPTY_BODY = YES;
				CLANG_WARN_ENUM_CONVERSION = YES;
				CLANG_WARN_INFINITE_RECURSION = YES;
				CLANG_WARN_INT_CONVERSION = YES;
				CLANG_WARN_NON_LITERAL_NULL_CONVERSION = YES;
				CLANG_WARN_OBJC_IMPLICIT_RETAIN_SELF = YES;
				CLANG_WARN_OBJC_LITERAL_CONVERSION = YES;
				CLANG_WARN_OBJC_ROOT_CLASS = YES_ERROR;
				CLANG_WARN_QUOTED_INCLUDE_IN_FRAMEWORK_HEADER = YES;
				CLANG_WARN_RANGE_LOOP_ANALYSIS = YES;
				CLANG_WARN_STRICT_PROTOTYPES = YES;
				CLANG_WARN_SUSPICIOUS_MOVE = YES;
				CLANG_WARN_UNGUARDED_AVAILABILITY = YES_AGGRESSIVE;
				CLANG_WARN_UNREACHABLE_CODE = YES;
				CLANG_WARN__DUPLICATE_METHOD_MATCH = YES;
				COPY_PHASE_STRIP = NO;
				DEBUG_INFORMATION_FORMAT = "dwarf-with-dsym";
				ENABLE_NS_ASSERTIONS = NO;
				ENABLE_STRICT_OBJC_MSGSEND = YES;
				GCC_C_LANGUAGE_STANDARD = gnu11;
				GCC_NO_COMMON_BLOCKS = YES;
				GCC_WARN_64_TO_32_BIT_CONVERSION = YES;
				GCC_WARN_ABOUT_RETURN_TYPE = YES_ERROR;
				GCC_WARN_UNDECLARED_SELECTOR = YES;
				GCC_WARN_UNINITIALIZED_AUTOS = YES_AGGRESSIVE;
				GCC_WARN_UNUSED_FUNCTION = YES;
				GCC_WARN_UNUSED_VARIABLE = YES;
				IPHONEOS_DEPLOYMENT_TARGET = 15.4;
				MTL_ENABLE_DEBUG_INFO = NO;
				MTL_FAST_MATH = YES;
				SDKROOT = iphoneos;
				SWIFT_COMPILATION_MODE = wholemodule;
				SWIFT_OPTIMIZATION_LEVEL = "-O";
				VALIDATE_PRODUCT = YES;
			};
			name = Release;
		};
		3F29ADB227FB9E2E002D5A2F /* Debug */ = {
			isa = XCBuildConfiguration;
			buildSettings = {
				ASSETCATALOG_COMPILER_APPICON_NAME = AppIcon;
				ASSETCATALOG_COMPILER_GLOBAL_ACCENT_COLOR_NAME = AccentColor;
				CODE_SIGN_STYLE = Automatic;
				CURRENT_PROJECT_VERSION = 1;
				DEVELOPMENT_ASSET_PATHS = "\"Friends/Preview Content\"";
				DEVELOPMENT_TEAM = Y8U2DWH94S;
				ENABLE_PREVIEWS = YES;
				GENERATE_INFOPLIST_FILE = YES;
				INFOPLIST_KEY_UIApplicationSceneManifest_Generation = YES;
				INFOPLIST_KEY_UIApplicationSupportsIndirectInputEvents = YES;
				INFOPLIST_KEY_UILaunchScreen_Generation = YES;
				INFOPLIST_KEY_UISupportedInterfaceOrientations_iPad = "UIInterfaceOrientationPortrait UIInterfaceOrientationPortraitUpsideDown UIInterfaceOrientationLandscapeLeft UIInterfaceOrientationLandscapeRight";
				INFOPLIST_KEY_UISupportedInterfaceOrientations_iPhone = "UIInterfaceOrientationPortrait UIInterfaceOrientationLandscapeLeft UIInterfaceOrientationLandscapeRight";
				LD_RUNPATH_SEARCH_PATHS = (
					"$(inherited)",
					"@executable_path/Frameworks",
				);
				MARKETING_VERSION = 2.1;
				PRODUCT_BUNDLE_IDENTIFIER = com.jrai.Friends;
				PRODUCT_NAME = "$(TARGET_NAME)";
				SWIFT_EMIT_LOC_STRINGS = YES;
				SWIFT_VERSION = 5.0;
				TARGETED_DEVICE_FAMILY = "1,2";
			};
			name = Debug;
		};
		3F29ADB327FB9E2E002D5A2F /* Release */ = {
			isa = XCBuildConfiguration;
			buildSettings = {
				ASSETCATALOG_COMPILER_APPICON_NAME = AppIcon;
				ASSETCATALOG_COMPILER_GLOBAL_ACCENT_COLOR_NAME = AccentColor;
				CODE_SIGN_STYLE = Automatic;
				CURRENT_PROJECT_VERSION = 1;
				DEVELOPMENT_ASSET_PATHS = "\"Friends/Preview Content\"";
				DEVELOPMENT_TEAM = Y8U2DWH94S;
				ENABLE_PREVIEWS = YES;
				GENERATE_INFOPLIST_FILE = YES;
				INFOPLIST_KEY_UIApplicationSceneManifest_Generation = YES;
				INFOPLIST_KEY_UIApplicationSupportsIndirectInputEvents = YES;
				INFOPLIST_KEY_UILaunchScreen_Generation = YES;
				INFOPLIST_KEY_UISupportedInterfaceOrientations_iPad = "UIInterfaceOrientationPortrait UIInterfaceOrientationPortraitUpsideDown UIInterfaceOrientationLandscapeLeft UIInterfaceOrientationLandscapeRight";
				INFOPLIST_KEY_UISupportedInterfaceOrientations_iPhone = "UIInterfaceOrientationPortrait UIInterfaceOrientationLandscapeLeft UIInterfaceOrientationLandscapeRight";
				LD_RUNPATH_SEARCH_PATHS = (
					"$(inherited)",
					"@executable_path/Frameworks",
				);
				MARKETING_VERSION = 2.1;
				PRODUCT_BUNDLE_IDENTIFIER = com.jrai.Friends;
				PRODUCT_NAME = "$(TARGET_NAME)";
				SWIFT_EMIT_LOC_STRINGS = YES;
				SWIFT_VERSION = 5.0;
				TARGETED_DEVICE_FAMILY = "1,2";
			};
			name = Release;
		};
/* End XCBuildConfiguration section */

/* Begin XCConfigurationList section */
		3F29AD9E27FB9E2B002D5A2F /* Build configuration list for PBXProject "Friends" */ = {
			isa = XCConfigurationList;
			buildConfigurations = (
				3F29ADAF27FB9E2E002D5A2F /* Debug */,
				3F29ADB027FB9E2E002D5A2F /* Release */,
			);
			defaultConfigurationIsVisible = 0;
			defaultConfigurationName = Release;
		};
		3F29ADB127FB9E2E002D5A2F /* Build configuration list for PBXNativeTarget "Friends" */ = {
			isa = XCConfigurationList;
			buildConfigurations = (
				3F29ADB227FB9E2E002D5A2F /* Debug */,
				3F29ADB327FB9E2E002D5A2F /* Release */,
			);
			defaultConfigurationIsVisible = 0;
			defaultConfigurationName = Release;
		};
/* End XCConfigurationList section */
	};
	rootObject = 3F29AD9B27FB9E2B002D5A2F /* Project object */;
}
